
Microsoft Visual Studio Solution File, Format Version 12.00
# Visual Studio Version 17
VisualStudioVersion = 17.7.34202.233
MinimumVisualStudioVersion = 10.0.40219.1
Project("{FAE04EC0-301F-11D3-BF4B-00C04F79EFBC}") = "ApiFuncionarios", "ApiFuncionarios\ApiFuncionarios.csproj", "{755AD0AD-475C-44AC-8B56-C73CAF1979BC}"
EndProject
Global
	GlobalSection(SolutionConfigurationPlatforms) = preSolution
		Debug|Any CPU = Debug|Any CPU
		Release|Any CPU = Release|Any CPU
	EndGlobalSection
	GlobalSection(ProjectConfigurationPlatforms) = postSolution
		{755AD0AD-475C-44AC-8B56-C73CAF1979BC}.Debug|Any CPU.ActiveCfg = Debug|Any CPU
		{755AD0AD-475C-44AC-8B56-C73CAF1979BC}.Debug|Any CPU.Build.0 = Debug|Any CPU
		{755AD0AD-475C-44AC-8B56-C73CAF1979BC}.Release|Any CPU.ActiveCfg = Release|Any CPU
		{755AD0AD-475C-44AC-8B56-C73CAF1979BC}.Release|Any CPU.Build.0 = Release|Any CPU
	EndGlobalSection
	GlobalSection(SolutionProperties) = preSolution
		HideSolutionNode = FALSE
	EndGlobalSection
	GlobalSection(ExtensibilityGlobals) = postSolution
		SolutionGuid = {7648052D-6C10-4121-81FD-26BCFE6649C2}
	EndGlobalSection
EndGlobal
